
Microsoft Visual Studio Solution File, Format Version 12.00
# Visual Studio Version 16
VisualStudioVersion = 16.0.31313.79
MinimumVisualStudioVersion = 10.0.40219.1
Project("{FAE04EC0-301F-11D3-BF4B-00C04F79EFBC}") = "MultiThreadingExample", "MultiThreadingExample\MultiThreadingExample.csproj", "{736CB76C-453F-436F-AA53-96C19295AC58}"
EndProject
Global
	GlobalSection(SolutionConfigurationPlatforms) = preSolution
		Debug|Any CPU = Debug|Any CPU
		Release|Any CPU = Release|Any CPU
	EndGlobalSection
	GlobalSection(ProjectConfigurationPlatforms) = postSolution
		{736CB76C-453F-436F-AA53-96C19295AC58}.Debug|Any CPU.ActiveCfg = Debug|Any CPU
		{736CB76C-453F-436F-AA53-96C19295AC58}.Debug|Any CPU.Build.0 = Debug|Any CPU
		{736CB76C-453F-436F-AA53-96C19295AC58}.Release|Any CPU.ActiveCfg = Release|Any CPU
		{736CB76C-453F-436F-AA53-96C19295AC58}.Release|Any CPU.Build.0 = Release|Any CPU
	EndGlobalSection
	GlobalSection(SolutionProperties) = preSolution
		HideSolutionNode = FALSE
	EndGlobalSection
	GlobalSection(ExtensibilityGlobals) = postSolution
		SolutionGuid = {DB5D20FE-C2EC-4ED0-AE1E-5BEF39A25105}
	EndGlobalSection
EndGlobal
