
Microsoft Visual Studio Solution File, Format Version 12.00
# Visual Studio Version 16
VisualStudioVersion = 16.0.31313.79
MinimumVisualStudioVersion = 10.0.40219.1
Project("{FAE04EC0-301F-11D3-BF4B-00C04F79EFBC}") = "MediumCSharpLearning", "MediumCSharpLearning\MediumCSharpLearning.csproj", "{4CE8B5E5-2382-469A-B35A-A09EA86CA124}"
EndProject
Global
	GlobalSection(SolutionConfigurationPlatforms) = preSolution
		Debug|Any CPU = Debug|Any CPU
		Release|Any CPU = Release|Any CPU
	EndGlobalSection
	GlobalSection(ProjectConfigurationPlatforms) = postSolution
		{4CE8B5E5-2382-469A-B35A-A09EA86CA124}.Debug|Any CPU.ActiveCfg = Debug|Any CPU
		{4CE8B5E5-2382-469A-B35A-A09EA86CA124}.Debug|Any CPU.Build.0 = Debug|Any CPU
		{4CE8B5E5-2382-469A-B35A-A09EA86CA124}.Release|Any CPU.ActiveCfg = Release|Any CPU
		{4CE8B5E5-2382-469A-B35A-A09EA86CA124}.Release|Any CPU.Build.0 = Release|Any CPU
	EndGlobalSection
	GlobalSection(SolutionProperties) = preSolution
		HideSolutionNode = FALSE
	EndGlobalSection
	GlobalSection(ExtensibilityGlobals) = postSolution
		SolutionGuid = {3923D1EB-5A3E-43C6-9503-A2B0A6BD5A04}
	EndGlobalSection
EndGlobal
